
Microsoft Visual Studio Solution File, Format Version 12.00
# Visual Studio Version 16
VisualStudioVersion = 16.0.30907.101
MinimumVisualStudioVersion = 10.0.40219.1
Project("{9A19103F-16F7-4668-BE54-9A1E7A4F7556}") = "LesliesWarehousePunchAPI", "LesliesWarehousePunchAPI\LesliesWarehousePunchAPI.csproj", "{5AB6E414-DCBA-45F9-A0C9-4F5A5AAA9B3B}"
EndProject
Global
	GlobalSection(SolutionConfigurationPlatforms) = preSolution
		Debug|Any CPU = Debug|Any CPU
		Release|Any CPU = Release|Any CPU
	EndGlobalSection
	GlobalSection(ProjectConfigurationPlatforms) = postSolution
		{5AB6E414-DCBA-45F9-A0C9-4F5A5AAA9B3B}.Debug|Any CPU.ActiveCfg = Debug|Any CPU
		{5AB6E414-DCBA-45F9-A0C9-4F5A5AAA9B3B}.Debug|Any CPU.Build.0 = Debug|Any CPU
		{5AB6E414-DCBA-45F9-A0C9-4F5A5AAA9B3B}.Release|Any CPU.ActiveCfg = Release|Any CPU
		{5AB6E414-DCBA-45F9-A0C9-4F5A5AAA9B3B}.Release|Any CPU.Build.0 = Release|Any CPU
	EndGlobalSection
	GlobalSection(SolutionProperties) = preSolution
		HideSolutionNode = FALSE
	EndGlobalSection
	GlobalSection(ExtensibilityGlobals) = postSolution
		SolutionGuid = {73A9A9DD-28B2-4FA6-A532-00DA8B411518}
	EndGlobalSection
EndGlobal
